
Microsoft Visual Studio Solution File, Format Version 12.00
# Visual Studio Version 17
VisualStudioVersion = 17.14.36616.10 d17.14
MinimumVisualStudioVersion = 10.0.40219.1
Project("{FAE04EC0-301F-11D3-BF4B-00C04F79EFBC}") = "PersonalLibraryManager", "PersonalLibraryManager.csproj", "{92D9CF1B-28A8-4465-A005-3BE306C6137A}"
EndProject
Global
	GlobalSection(SolutionConfigurationPlatforms) = preSolution
		Debug|Any CPU = Debug|Any CPU
		Release|Any CPU = Release|Any CPU
	EndGlobalSection
	GlobalSection(ProjectConfigurationPlatforms) = postSolution
		{92D9CF1B-28A8-4465-A005-3BE306C6137A}.Debug|Any CPU.ActiveCfg = Debug|Any CPU
		{92D9CF1B-28A8-4465-A005-3BE306C6137A}.Debug|Any CPU.Build.0 = Debug|Any CPU
		{92D9CF1B-28A8-4465-A005-3BE306C6137A}.Release|Any CPU.ActiveCfg = Release|Any CPU
		{92D9CF1B-28A8-4465-A005-3BE306C6137A}.Release|Any CPU.Build.0 = Release|Any CPU
	EndGlobalSection
	GlobalSection(SolutionProperties) = preSolution
		HideSolutionNode = FALSE
	EndGlobalSection
	GlobalSection(ExtensibilityGlobals) = postSolution
		SolutionGuid = {B5D80188-E72D-4599-AFF2-16AF27E4D628}
	EndGlobalSection
EndGlobal
