
Microsoft Visual Studio Solution File, Format Version 12.00
# Visual Studio Version 17
VisualStudioVersion = 17.14.36616.10
MinimumVisualStudioVersion = 10.0.40219.1
Project("{FAE04EC0-301F-11D3-BF4B-00C04F79EFBC}") = "PersonalLibraryManager", "PersonalLibraryManager.csproj", "{CE8807AF-F1D2-40F1-A9A7-A254E73A8D37}"
EndProject
Project("{FAE04EC0-301F-11D3-BF4B-00C04F79EFBC}") = "PersonalLibraryManager.Tests", "..\PersonalLibraryManager.Tests\PersonalLibraryManager.Tests.csproj", "{7EDEBAD0-023A-4A95-839D-8F0C42BECB6A}"
EndProject
Global
	GlobalSection(SolutionConfigurationPlatforms) = preSolution
		Debug|Any CPU = Debug|Any CPU
		Release|Any CPU = Release|Any CPU
	EndGlobalSection
	GlobalSection(ProjectConfigurationPlatforms) = postSolution
		{CE8807AF-F1D2-40F1-A9A7-A254E73A8D37}.Debug|Any CPU.ActiveCfg = Debug|Any CPU
		{CE8807AF-F1D2-40F1-A9A7-A254E73A8D37}.Debug|Any CPU.Build.0 = Debug|Any CPU
		{CE8807AF-F1D2-40F1-A9A7-A254E73A8D37}.Release|Any CPU.ActiveCfg = Release|Any CPU
		{CE8807AF-F1D2-40F1-A9A7-A254E73A8D37}.Release|Any CPU.Build.0 = Release|Any CPU
		{7EDEBAD0-023A-4A95-839D-8F0C42BECB6A}.Debug|Any CPU.ActiveCfg = Debug|Any CPU
		{7EDEBAD0-023A-4A95-839D-8F0C42BECB6A}.Debug|Any CPU.Build.0 = Debug|Any CPU
		{7EDEBAD0-023A-4A95-839D-8F0C42BECB6A}.Release|Any CPU.ActiveCfg = Release|Any CPU
		{7EDEBAD0-023A-4A95-839D-8F0C42BECB6A}.Release|Any CPU.Build.0 = Release|Any CPU
	EndGlobalSection
	GlobalSection(SolutionProperties) = preSolution
		HideSolutionNode = FALSE
	EndGlobalSection
	GlobalSection(ExtensibilityGlobals) = postSolution
		SolutionGuid = {F1365C49-EA78-4C00-865E-D3246139ABCF}
	EndGlobalSection
EndGlobal
